
Microsoft Visual Studio Solution File, Format Version 12.00
# Visual Studio 2017
Project("{FAE04EC0-301F-11D3-BF4B-00C04F79EFBC}") = "IMPACT.Plugins", "IMPACT.Plugins.csproj", "{3E8E2CF0-B967-A1FB-8108-F12E22170B1E}"
EndProject
Project("{FAE04EC0-301F-11D3-BF4B-00C04F79EFBC}") = "IMPACT", "IMPACT.csproj", "{8F1FE8D7-082B-3A30-4404-CA4DC0641EF8}"
EndProject
Project("{FAE04EC0-301F-11D3-BF4B-00C04F79EFBC}") = "IMPACT.Editor.Plugins", "IMPACT.Editor.Plugins.csproj", "{E8BECFC6-0717-6628-D932-65B891673F01}"
EndProject
Project("{FAE04EC0-301F-11D3-BF4B-00C04F79EFBC}") = "IMPACT.Editor", "IMPACT.Editor.csproj", "{03484794-0E92-BB6A-8272-17106172F891}"
EndProject
Global
	GlobalSection(SolutionConfigurationPlatforms) = preSolution
		Debug|Any CPU = Debug|Any CPU
		Release|Any CPU = Release|Any CPU
	EndGlobalSection
	GlobalSection(ProjectConfigurationPlatforms) = postSolution
		{3E8E2CF0-B967-A1FB-8108-F12E22170B1E}.Debug|Any CPU.ActiveCfg = Debug|Any CPU
		{3E8E2CF0-B967-A1FB-8108-F12E22170B1E}.Debug|Any CPU.Build.0 = Debug|Any CPU
		{3E8E2CF0-B967-A1FB-8108-F12E22170B1E}.Release|Any CPU.ActiveCfg = Release|Any CPU
		{3E8E2CF0-B967-A1FB-8108-F12E22170B1E}.Release|Any CPU.Build.0 = Release|Any CPU
		{8F1FE8D7-082B-3A30-4404-CA4DC0641EF8}.Debug|Any CPU.ActiveCfg = Debug|Any CPU
		{8F1FE8D7-082B-3A30-4404-CA4DC0641EF8}.Debug|Any CPU.Build.0 = Debug|Any CPU
		{8F1FE8D7-082B-3A30-4404-CA4DC0641EF8}.Release|Any CPU.ActiveCfg = Release|Any CPU
		{8F1FE8D7-082B-3A30-4404-CA4DC0641EF8}.Release|Any CPU.Build.0 = Release|Any CPU
		{E8BECFC6-0717-6628-D932-65B891673F01}.Debug|Any CPU.ActiveCfg = Debug|Any CPU
		{E8BECFC6-0717-6628-D932-65B891673F01}.Debug|Any CPU.Build.0 = Debug|Any CPU
		{E8BECFC6-0717-6628-D932-65B891673F01}.Release|Any CPU.ActiveCfg = Release|Any CPU
		{E8BECFC6-0717-6628-D932-65B891673F01}.Release|Any CPU.Build.0 = Release|Any CPU
		{03484794-0E92-BB6A-8272-17106172F891}.Debug|Any CPU.ActiveCfg = Debug|Any CPU
		{03484794-0E92-BB6A-8272-17106172F891}.Debug|Any CPU.Build.0 = Debug|Any CPU
		{03484794-0E92-BB6A-8272-17106172F891}.Release|Any CPU.ActiveCfg = Release|Any CPU
		{03484794-0E92-BB6A-8272-17106172F891}.Release|Any CPU.Build.0 = Release|Any CPU
	EndGlobalSection
	GlobalSection(SolutionProperties) = preSolution
		HideSolutionNode = FALSE
	EndGlobalSection
EndGlobal
